// !$*UTF8*$!
{
	archiveVersion = 1;
	classes = {
	};
	objectVersion = 46;
	objects = {

/* Begin PBXBuildFile section */
		048E2EF91544419D00569577 /* TP03bin.1 in CopyFiles */ = {isa = PBXBuildFile; fileRef = 048E2EF81544419D00569577 /* TP03bin.1 */; };
		048E2F021544433400569577 /* TP3_main.c in Sources */ = {isa = PBXBuildFile; fileRef = 048E2EFF1544433400569577 /* TP3_main.c */; };
		048E2F031544433400569577 /* TP3.c in Sources */ = {isa = PBXBuildFile; fileRef = 048E2F001544433400569577 /* TP3.c */; };
/* End PBXBuildFile section */

/* Begin PBXCopyFilesBuildPhase section */
		048E2EF01544419D00569577 /* CopyFiles */ = {
			isa = PBXCopyFilesBuildPhase;
			buildActionMask = 2147483647;
			dstPath = /usr/share/man/man1/;
			dstSubfolderSpec = 0;
			files = (
				048E2EF91544419D00569577 /* TP03bin.1 in CopyFiles */,
			);
			runOnlyForDeploymentPostprocessing = 1;
		};
/* End PBXCopyFilesBuildPhase section */

/* Begin PBXFileReference section */
		048E2EF21544419D00569577 /* TP03bin */ = {isa = PBXFileReference; explicitFileType = "compiled.mach-o.executable"; includeInIndex = 0; path = TP03bin; sourceTree = BUILT_PRODUCTS_DIR; };
		048E2EF81544419D00569577 /* TP03bin.1 */ = {isa = PBXFileReference; lastKnownFileType = text.man; path = TP03bin.1; sourceTree = "<group>"; };
		048E2EFF1544433400569577 /* TP3_main.c */ = {isa = PBXFileReference; fileEncoding = 4; lastKnownFileType = sourcecode.c.c; path = TP3_main.c; sourceTree = "<group>"; };
		048E2F001544433400569577 /* TP3.c */ = {isa = PBXFileReference; fileEncoding = 4; lastKnownFileType = sourcecode.c.c; path = TP3.c; sourceTree = "<group>"; };
		048E2F011544433400569577 /* TP3.h */ = {isa = PBXFileReference; fileEncoding = 4; lastKnownFileType = sourcecode.c.h; path = TP3.h; sourceTree = "<group>"; };
/* End PBXFileReference section */

/* Begin PBXFrameworksBuildPhase section */
		048E2EEF1544419D00569577 /* Frameworks */ = {
			isa = PBXFrameworksBuildPhase;
			buildActionMask = 2147483647;
			files = (
			);
			runOnlyForDeploymentPostprocessing = 0;
		};
/* End PBXFrameworksBuildPhase section */

/* Begin PBXGroup section */
		048E2EE71544419D00569577 = {
			isa = PBXGroup;
			children = (
				048E2EF51544419D00569577 /* TP03bin */,
				048E2EF31544419D00569577 /* Products */,
			);
			sourceTree = "<group>";
		};
		048E2EF31544419D00569577 /* Products */ = {
			isa = PBXGroup;
			children = (
				048E2EF21544419D00569577 /* TP03bin */,
			);
			name = Products;
			sourceTree = "<group>";
		};
		048E2EF51544419D00569577 /* TP03bin */ = {
			isa = PBXGroup;
			children = (
				048E2EF81544419D00569577 /* TP03bin.1 */,
				048E2EFF1544433400569577 /* TP3_main.c */,
				048E2F001544433400569577 /* TP3.c */,
				048E2F011544433400569577 /* TP3.h */,
			);
			path = TP03bin;
			sourceTree = "<group>";
		};
/* End PBXGroup section */

/* Begin PBXNativeTarget section */
		048E2EF11544419D00569577 /* TP03bin */ = {
			isa = PBXNativeTarget;
			buildConfigurationList = 048E2EFC1544419D00569577 /* Build configuration list for PBXNativeTarget "TP03bin" */;
			buildPhases = (
				048E2EEE1544419D00569577 /* Sources */,
				048E2EEF1544419D00569577 /* Frameworks */,
				048E2EF01544419D00569577 /* CopyFiles */,
			);
			buildRules = (
			);
			dependencies = (
			);
			name = TP03bin;
			productName = TP03bin;
			productReference = 048E2EF21544419D00569577 /* TP03bin */;
			productType = "com.apple.product-type.tool";
		};
/* End PBXNativeTarget section */

/* Begin PBXProject section */
		048E2EE91544419D00569577 /* Project object */ = {
			isa = PBXProject;
			attributes = {
				LastUpgradeCheck = 0420;
			};
			buildConfigurationList = 048E2EEC1544419D00569577 /* Build configuration list for PBXProject "TP03bin" */;
			compatibilityVersion = "Xcode 3.2";
			developmentRegion = English;
			hasScannedForEncodings = 0;
			knownRegions = (
				en,
			);
			mainGroup = 048E2EE71544419D00569577;
			productRefGroup = 048E2EF31544419D00569577 /* Products */;
			projectDirPath = "";
			projectRoot = "";
			targets = (
				048E2EF11544419D00569577 /* TP03bin */,
			);
		};
/* End PBXProject section */

/* Begin PBXSourcesBuildPhase section */
		048E2EEE1544419D00569577 /* Sources */ = {
			isa = PBXSourcesBuildPhase;
			buildActionMask = 2147483647;
			files = (
				048E2F021544433400569577 /* TP3_main.c in Sources */,
				048E2F031544433400569577 /* TP3.c in Sources */,
			);
			runOnlyForDeploymentPostprocessing = 0;
		};
/* End PBXSourcesBuildPhase section */

/* Begin XCBuildConfiguration section */
		048E2EFA1544419D00569577 /* Debug */ = {
			isa = XCBuildConfiguration;
			buildSettings = {
				ALWAYS_SEARCH_USER_PATHS = NO;
				ARCHS = "$(ARCHS_STANDARD_64_BIT)";
				CLANG_ENABLE_OBJC_ARC = YES;
				COPY_PHASE_STRIP = NO;
				GCC_C_LANGUAGE_STANDARD = gnu99;
				GCC_DYNAMIC_NO_PIC = NO;
				GCC_ENABLE_OBJC_EXCEPTIONS = YES;
				GCC_OPTIMIZATION_LEVEL = 0;
				GCC_PREPROCESSOR_DEFINITIONS = (
					"DEBUG=1",
					"$(inherited)",
				);
				GCC_SYMBOLS_PRIVATE_EXTERN = NO;
				GCC_VERSION = com.apple.compilers.llvm.clang.1_0;
				GCC_WARN_64_TO_32_BIT_CONVERSION = YES;
				GCC_WARN_ABOUT_MISSING_PROTOTYPES = YES;
				GCC_WARN_ABOUT_RETURN_TYPE = YES;
				GCC_WARN_UNUSED_VARIABLE = YES;
				MACOSX_DEPLOYMENT_TARGET = 10.7;
				ONLY_ACTIVE_ARCH = YES;
				SDKROOT = macosx;
			};
			name = Debug;
		};
		048E2EFB1544419D00569577 /* Release */ = {
			isa = XCBuildConfiguration;
			buildSettings = {
				ALWAYS_SEARCH_USER_PATHS = NO;
				ARCHS = "$(ARCHS_STANDARD_64_BIT)";
				CLANG_ENABLE_OBJC_ARC = YES;
				COPY_PHASE_STRIP = YES;
				DEBUG_INFORMATION_FORMAT = "dwarf-with-dsym";
				GCC_C_LANGUAGE_STANDARD = gnu99;
				GCC_ENABLE_OBJC_EXCEPTIONS = YES;
				GCC_VERSION = com.apple.compilers.llvm.clang.1_0;
				GCC_WARN_64_TO_32_BIT_CONVERSION = YES;
				GCC_WARN_ABOUT_MISSING_PROTOTYPES = YES;
				GCC_WARN_ABOUT_RETURN_TYPE = YES;
				GCC_WARN_UNUSED_VARIABLE = YES;
				MACOSX_DEPLOYMENT_TARGET = 10.7;
				SDKROOT = macosx;
			};
			name = Release;
		};
		048E2EFD1544419D00569577 /* Debug */ = {
			isa = XCBuildConfiguration;
			buildSettings = {
				PRODUCT_NAME = "$(TARGET_NAME)";
			};
			name = Debug;
		};
		048E2EFE1544419D00569577 /* Release */ = {
			isa = XCBuildConfiguration;
			buildSettings = {
				PRODUCT_NAME = "$(TARGET_NAME)";
			};
			name = Release;
		};
/* End XCBuildConfiguration section */

/* Begin XCConfigurationList section */
		048E2EEC1544419D00569577 /* Build configuration list for PBXProject "TP03bin" */ = {
			isa = XCConfigurationList;
			buildConfigurations = (
				048E2EFA1544419D00569577 /* Debug */,
				048E2EFB1544419D00569577 /* Release */,
			);
			defaultConfigurationIsVisible = 0;
			defaultConfigurationName = Release;
		};
		048E2EFC1544419D00569577 /* Build configuration list for PBXNativeTarget "TP03bin" */ = {
			isa = XCConfigurationList;
			buildConfigurations = (
				048E2EFD1544419D00569577 /* Debug */,
				048E2EFE1544419D00569577 /* Release */,
			);
			defaultConfigurationIsVisible = 0;
		};
/* End XCConfigurationList section */
	};
	rootObject = 048E2EE91544419D00569577 /* Project object */;
}
