// !$*UTF8*$!
{
	archiveVersion = 1;
	classes = {
	};
	objectVersion = 46;
	objects = {

/* Begin PBXBuildFile section */
		04827DF814FBC13B0045F263 /* main.cpp in Sources */ = {isa = PBXBuildFile; fileRef = 04827DF714FBC13B0045F263 /* main.cpp */; };
		04827DFA14FBC13B0045F263 /* TP01.1 in CopyFiles */ = {isa = PBXBuildFile; fileRef = 04827DF914FBC13B0045F263 /* TP01.1 */; };
		04827E0414FBC28A0045F263 /* main_2.cpp in Sources */ = {isa = PBXBuildFile; fileRef = 04827E0314FBC28A0045F263 /* main_2.cpp */; };
/* End PBXBuildFile section */

/* Begin PBXCopyFilesBuildPhase section */
		04827DF114FBC13B0045F263 /* CopyFiles */ = {
			isa = PBXCopyFilesBuildPhase;
			buildActionMask = 2147483647;
			dstPath = /usr/share/man/man1/;
			dstSubfolderSpec = 0;
			files = (
				04827DFA14FBC13B0045F263 /* TP01.1 in CopyFiles */,
			);
			runOnlyForDeploymentPostprocessing = 1;
		};
/* End PBXCopyFilesBuildPhase section */

/* Begin PBXFileReference section */
		04827DF314FBC13B0045F263 /* TP01 */ = {isa = PBXFileReference; explicitFileType = "compiled.mach-o.executable"; includeInIndex = 0; path = TP01; sourceTree = BUILT_PRODUCTS_DIR; };
		04827DF714FBC13B0045F263 /* main.cpp */ = {isa = PBXFileReference; lastKnownFileType = sourcecode.cpp.cpp; path = main.cpp; sourceTree = "<group>"; };
		04827DF914FBC13B0045F263 /* TP01.1 */ = {isa = PBXFileReference; lastKnownFileType = text.man; path = TP01.1; sourceTree = "<group>"; };
		04827E0314FBC28A0045F263 /* main_2.cpp */ = {isa = PBXFileReference; fileEncoding = 4; lastKnownFileType = sourcecode.cpp.cpp; path = main_2.cpp; sourceTree = "<group>"; };
/* End PBXFileReference section */

/* Begin PBXFrameworksBuildPhase section */
		04827DF014FBC13B0045F263 /* Frameworks */ = {
			isa = PBXFrameworksBuildPhase;
			buildActionMask = 2147483647;
			files = (
			);
			runOnlyForDeploymentPostprocessing = 0;
		};
/* End PBXFrameworksBuildPhase section */

/* Begin PBXGroup section */
		04827DE814FBC13B0045F263 = {
			isa = PBXGroup;
			children = (
				04827E0314FBC28A0045F263 /* main_2.cpp */,
				04827DF614FBC13B0045F263 /* TP01 */,
				04827DF414FBC13B0045F263 /* Products */,
			);
			sourceTree = "<group>";
		};
		04827DF414FBC13B0045F263 /* Products */ = {
			isa = PBXGroup;
			children = (
				04827DF314FBC13B0045F263 /* TP01 */,
			);
			name = Products;
			sourceTree = "<group>";
		};
		04827DF614FBC13B0045F263 /* TP01 */ = {
			isa = PBXGroup;
			children = (
				04827DF714FBC13B0045F263 /* main.cpp */,
				04827DF914FBC13B0045F263 /* TP01.1 */,
			);
			path = TP01;
			sourceTree = "<group>";
		};
/* End PBXGroup section */

/* Begin PBXNativeTarget section */
		04827DF214FBC13B0045F263 /* TP01 */ = {
			isa = PBXNativeTarget;
			buildConfigurationList = 04827DFD14FBC13B0045F263 /* Build configuration list for PBXNativeTarget "TP01" */;
			buildPhases = (
				04827DEF14FBC13B0045F263 /* Sources */,
				04827DF014FBC13B0045F263 /* Frameworks */,
				04827DF114FBC13B0045F263 /* CopyFiles */,
			);
			buildRules = (
			);
			dependencies = (
			);
			name = TP01;
			productName = TP01;
			productReference = 04827DF314FBC13B0045F263 /* TP01 */;
			productType = "com.apple.product-type.tool";
		};
/* End PBXNativeTarget section */

/* Begin PBXProject section */
		04827DEA14FBC13B0045F263 /* Project object */ = {
			isa = PBXProject;
			attributes = {
				LastUpgradeCheck = 0420;
			};
			buildConfigurationList = 04827DED14FBC13B0045F263 /* Build configuration list for PBXProject "TP01" */;
			compatibilityVersion = "Xcode 3.2";
			developmentRegion = English;
			hasScannedForEncodings = 0;
			knownRegions = (
				en,
			);
			mainGroup = 04827DE814FBC13B0045F263;
			productRefGroup = 04827DF414FBC13B0045F263 /* Products */;
			projectDirPath = "";
			projectRoot = "";
			targets = (
				04827DF214FBC13B0045F263 /* TP01 */,
			);
		};
/* End PBXProject section */

/* Begin PBXSourcesBuildPhase section */
		04827DEF14FBC13B0045F263 /* Sources */ = {
			isa = PBXSourcesBuildPhase;
			buildActionMask = 2147483647;
			files = (
				04827DF814FBC13B0045F263 /* main.cpp in Sources */,
				04827E0414FBC28A0045F263 /* main_2.cpp in Sources */,
			);
			runOnlyForDeploymentPostprocessing = 0;
		};
/* End PBXSourcesBuildPhase section */

/* Begin XCBuildConfiguration section */
		04827DFB14FBC13B0045F263 /* Debug */ = {
			isa = XCBuildConfiguration;
			buildSettings = {
				ALWAYS_SEARCH_USER_PATHS = NO;
				ARCHS = "$(ARCHS_STANDARD_64_BIT)";
				CLANG_ENABLE_OBJC_ARC = YES;
				COPY_PHASE_STRIP = NO;
				GCC_C_LANGUAGE_STANDARD = gnu99;
				GCC_DYNAMIC_NO_PIC = NO;
				GCC_ENABLE_OBJC_EXCEPTIONS = YES;
				GCC_OPTIMIZATION_LEVEL = 0;
				GCC_PREPROCESSOR_DEFINITIONS = (
					"DEBUG=1",
					"$(inherited)",
				);
				GCC_SYMBOLS_PRIVATE_EXTERN = NO;
				GCC_VERSION = com.apple.compilers.llvm.clang.1_0;
				GCC_WARN_64_TO_32_BIT_CONVERSION = YES;
				GCC_WARN_ABOUT_MISSING_PROTOTYPES = YES;
				GCC_WARN_ABOUT_RETURN_TYPE = YES;
				GCC_WARN_UNUSED_VARIABLE = YES;
				MACOSX_DEPLOYMENT_TARGET = 10.7;
				ONLY_ACTIVE_ARCH = YES;
				SDKROOT = macosx;
			};
			name = Debug;
		};
		04827DFC14FBC13B0045F263 /* Release */ = {
			isa = XCBuildConfiguration;
			buildSettings = {
				ALWAYS_SEARCH_USER_PATHS = NO;
				ARCHS = "$(ARCHS_STANDARD_64_BIT)";
				CLANG_ENABLE_OBJC_ARC = YES;
				COPY_PHASE_STRIP = YES;
				DEBUG_INFORMATION_FORMAT = "dwarf-with-dsym";
				GCC_C_LANGUAGE_STANDARD = gnu99;
				GCC_ENABLE_OBJC_EXCEPTIONS = YES;
				GCC_VERSION = com.apple.compilers.llvm.clang.1_0;
				GCC_WARN_64_TO_32_BIT_CONVERSION = YES;
				GCC_WARN_ABOUT_MISSING_PROTOTYPES = YES;
				GCC_WARN_ABOUT_RETURN_TYPE = YES;
				GCC_WARN_UNUSED_VARIABLE = YES;
				MACOSX_DEPLOYMENT_TARGET = 10.7;
				SDKROOT = macosx;
			};
			name = Release;
		};
		04827DFE14FBC13B0045F263 /* Debug */ = {
			isa = XCBuildConfiguration;
			buildSettings = {
				PRODUCT_NAME = "$(TARGET_NAME)";
			};
			name = Debug;
		};
		04827DFF14FBC13B0045F263 /* Release */ = {
			isa = XCBuildConfiguration;
			buildSettings = {
				PRODUCT_NAME = "$(TARGET_NAME)";
			};
			name = Release;
		};
/* End XCBuildConfiguration section */

/* Begin XCConfigurationList section */
		04827DED14FBC13B0045F263 /* Build configuration list for PBXProject "TP01" */ = {
			isa = XCConfigurationList;
			buildConfigurations = (
				04827DFB14FBC13B0045F263 /* Debug */,
				04827DFC14FBC13B0045F263 /* Release */,
			);
			defaultConfigurationIsVisible = 0;
			defaultConfigurationName = Release;
		};
		04827DFD14FBC13B0045F263 /* Build configuration list for PBXNativeTarget "TP01" */ = {
			isa = XCConfigurationList;
			buildConfigurations = (
				04827DFE14FBC13B0045F263 /* Debug */,
				04827DFF14FBC13B0045F263 /* Release */,
			);
			defaultConfigurationIsVisible = 0;
		};
/* End XCConfigurationList section */
	};
	rootObject = 04827DEA14FBC13B0045F263 /* Project object */;
}
